
Microsoft Visual Studio Solution File, Format Version 12.00
# Visual Studio Version 16
VisualStudioVersion = 16.0.30717.126
MinimumVisualStudioVersion = 10.0.40219.1
Project("{2150E333-8FDC-42A3-9474-1A3956D46DE8}") = "Core", "Core", "{1ECF5351-46CC-41CD-A1F1-F2292B43D217}"
EndProject
Project("{2150E333-8FDC-42A3-9474-1A3956D46DE8}") = "Infrastructure", "Infrastructure", "{F6E7D5AC-25B5-4A60-9A2C-DB9EEBC0DA15}"
EndProject
Project("{2150E333-8FDC-42A3-9474-1A3956D46DE8}") = "Presentation", "Presentation", "{E5A1C59C-EB74-48F5-AEF7-FC008D900E42}"
EndProject
Project("{9A19103F-16F7-4668-BE54-9A1E7A4F7556}") = "HLCS01.Dataprovider", "HLCS01\HLCS01.Dataprovider\HLCS01.Dataprovider.csproj", "{8863A0D6-8848-4739-8E71-4E33ACFD865C}"
EndProject
Project("{9A19103F-16F7-4668-BE54-9A1E7A4F7556}") = "HLCS01.ServiceCore", "HLCS01\HLCS01.ServiceCore\HLCS01.ServiceCore.csproj", "{497296AF-78AC-409C-9A6A-A87DB9CF4D58}"
EndProject
Project("{9A19103F-16F7-4668-BE54-9A1E7A4F7556}") = "HLCS01.Shared", "HLCS01\HLCS01.Shared\HLCS01.Shared.csproj", "{72AAF345-CFA8-42EB-94C6-0B28EE0314D8}"
EndProject
Project("{2150E333-8FDC-42A3-9474-1A3956D46DE8}") = "Server", "Server", "{2A1632C6-F390-4D23-B679-A8CBAE2264DF}"
EndProject
Project("{FAE04EC0-301F-11D3-BF4B-00C04F79EFBC}") = "HLCS01.Server", "HLCS01.Server\HLCS01.Server.csproj", "{164CB523-870A-4C04-AF61-317B7AD36EA0}"
EndProject
Project("{2150E333-8FDC-42A3-9474-1A3956D46DE8}") = "Client", "Client", "{AEE3DD89-279C-4440-8E97-02DE7182B88C}"
EndProject
Project("{FAE04EC0-301F-11D3-BF4B-00C04F79EFBC}") = "HLCS01.Client", "..\HLCS01.Client\HLCS01.Client.csproj", "{7361F16D-0B34-404C-933D-0A1E4B3D1CA6}"
EndProject
Global
	GlobalSection(SolutionConfigurationPlatforms) = preSolution
		Debug|Any CPU = Debug|Any CPU
		Release|Any CPU = Release|Any CPU
	EndGlobalSection
	GlobalSection(ProjectConfigurationPlatforms) = postSolution
		{8863A0D6-8848-4739-8E71-4E33ACFD865C}.Debug|Any CPU.ActiveCfg = Debug|Any CPU
		{8863A0D6-8848-4739-8E71-4E33ACFD865C}.Debug|Any CPU.Build.0 = Debug|Any CPU
		{8863A0D6-8848-4739-8E71-4E33ACFD865C}.Release|Any CPU.ActiveCfg = Release|Any CPU
		{8863A0D6-8848-4739-8E71-4E33ACFD865C}.Release|Any CPU.Build.0 = Release|Any CPU
		{497296AF-78AC-409C-9A6A-A87DB9CF4D58}.Debug|Any CPU.ActiveCfg = Debug|Any CPU
		{497296AF-78AC-409C-9A6A-A87DB9CF4D58}.Debug|Any CPU.Build.0 = Debug|Any CPU
		{497296AF-78AC-409C-9A6A-A87DB9CF4D58}.Release|Any CPU.ActiveCfg = Release|Any CPU
		{497296AF-78AC-409C-9A6A-A87DB9CF4D58}.Release|Any CPU.Build.0 = Release|Any CPU
		{72AAF345-CFA8-42EB-94C6-0B28EE0314D8}.Debug|Any CPU.ActiveCfg = Debug|Any CPU
		{72AAF345-CFA8-42EB-94C6-0B28EE0314D8}.Debug|Any CPU.Build.0 = Debug|Any CPU
		{72AAF345-CFA8-42EB-94C6-0B28EE0314D8}.Release|Any CPU.ActiveCfg = Release|Any CPU
		{72AAF345-CFA8-42EB-94C6-0B28EE0314D8}.Release|Any CPU.Build.0 = Release|Any CPU
		{164CB523-870A-4C04-AF61-317B7AD36EA0}.Debug|Any CPU.ActiveCfg = Debug|Any CPU
		{164CB523-870A-4C04-AF61-317B7AD36EA0}.Debug|Any CPU.Build.0 = Debug|Any CPU
		{164CB523-870A-4C04-AF61-317B7AD36EA0}.Release|Any CPU.ActiveCfg = Release|Any CPU
		{164CB523-870A-4C04-AF61-317B7AD36EA0}.Release|Any CPU.Build.0 = Release|Any CPU
		{7361F16D-0B34-404C-933D-0A1E4B3D1CA6}.Debug|Any CPU.ActiveCfg = Debug|Any CPU
		{7361F16D-0B34-404C-933D-0A1E4B3D1CA6}.Debug|Any CPU.Build.0 = Debug|Any CPU
		{7361F16D-0B34-404C-933D-0A1E4B3D1CA6}.Release|Any CPU.ActiveCfg = Release|Any CPU
		{7361F16D-0B34-404C-933D-0A1E4B3D1CA6}.Release|Any CPU.Build.0 = Release|Any CPU
	EndGlobalSection
	GlobalSection(SolutionProperties) = preSolution
		HideSolutionNode = FALSE
	EndGlobalSection
	GlobalSection(NestedProjects) = preSolution
		{8863A0D6-8848-4739-8E71-4E33ACFD865C} = {1ECF5351-46CC-41CD-A1F1-F2292B43D217}
		{497296AF-78AC-409C-9A6A-A87DB9CF4D58} = {1ECF5351-46CC-41CD-A1F1-F2292B43D217}
		{72AAF345-CFA8-42EB-94C6-0B28EE0314D8} = {1ECF5351-46CC-41CD-A1F1-F2292B43D217}
		{2A1632C6-F390-4D23-B679-A8CBAE2264DF} = {E5A1C59C-EB74-48F5-AEF7-FC008D900E42}
		{164CB523-870A-4C04-AF61-317B7AD36EA0} = {2A1632C6-F390-4D23-B679-A8CBAE2264DF}
		{AEE3DD89-279C-4440-8E97-02DE7182B88C} = {E5A1C59C-EB74-48F5-AEF7-FC008D900E42}
		{7361F16D-0B34-404C-933D-0A1E4B3D1CA6} = {AEE3DD89-279C-4440-8E97-02DE7182B88C}
	EndGlobalSection
	GlobalSection(ExtensibilityGlobals) = postSolution
		SolutionGuid = {3DA7DDCE-2606-43CB-B5B5-F8B912F14146}
	EndGlobalSection
EndGlobal
