
Microsoft Visual Studio Solution File, Format Version 12.00
# Visual Studio Version 16
VisualStudioVersion = 16.0.30717.126
MinimumVisualStudioVersion = 10.0.40219.1
Project("{2150E333-8FDC-42A3-9474-1A3956D46DE8}") = "Core", "Core", "{1ECF5351-46CC-41CD-A1F1-F2292B43D217}"
EndProject
Project("{2150E333-8FDC-42A3-9474-1A3956D46DE8}") = "Infrastructure", "Infrastructure", "{F6E7D5AC-25B5-4A60-9A2C-DB9EEBC0DA15}"
EndProject
Project("{2150E333-8FDC-42A3-9474-1A3956D46DE8}") = "Presentation", "Presentation", "{E5A1C59C-EB74-48F5-AEF7-FC008D900E42}"
EndProject
Project("{9A19103F-16F7-4668-BE54-9A1E7A4F7556}") = "HLCS01.Dataprovider", "HLCS01\HLCS01.Dataprovider\HLCS01.Dataprovider.csproj", "{8863A0D6-8848-4739-8E71-4E33ACFD865C}"
EndProject
Project("{9A19103F-16F7-4668-BE54-9A1E7A4F7556}") = "HLCS01.ServiceCore", "HLCS01\HLCS01.ServiceCore\HLCS01.ServiceCore.csproj", "{497296AF-78AC-409C-9A6A-A87DB9CF4D58}"
EndProject
Project("{9A19103F-16F7-4668-BE54-9A1E7A4F7556}") = "HLCS01.Shared", "HLCS01\HLCS01.Shared\HLCS01.Shared.csproj", "{72AAF345-CFA8-42EB-94C6-0B28EE0314D8}"
EndProject
Project("{2150E333-8FDC-42A3-9474-1A3956D46DE8}") = "Server", "Server", "{2A1632C6-F390-4D23-B679-A8CBAE2264DF}"
EndProject
Project("{9A19103F-16F7-4668-BE54-9A1E7A4F7556}") = "HLCS01.Server", "HLCS01.Server\HLCS01.Server.csproj", "{164CB523-870A-4C04-AF61-317B7AD36EA0}"
EndProject
Project("{2150E333-8FDC-42A3-9474-1A3956D46DE8}") = "Client", "Client", "{AEE3DD89-279C-4440-8E97-02DE7182B88C}"
EndProject
Project("{9A19103F-16F7-4668-BE54-9A1E7A4F7556}") = "HLCS01.Client", "HLCS01.Client\HLCS01.Client.csproj", "{C36DE5C5-F331-4FB5-A57A-AB9D27F41969}"
EndProject
Project("{2150E333-8FDC-42A3-9474-1A3956D46DE8}") = "Modules", "Modules", "{91FBFFFF-DEB5-449F-B5D9-9CE8A666DC4E}"
EndProject
Project("{9A19103F-16F7-4668-BE54-9A1E7A4F7556}") = "ClientModule1", "ClientModule1\ClientModule1.csproj", "{666B229E-1A6F-4FBE-A97C-A1D880074F34}"
EndProject
Project("{9A19103F-16F7-4668-BE54-9A1E7A4F7556}") = "SDK", "..\SDK\SDK.csproj", "{ADE43E1B-E148-4614-A776-8692CB1E3F9C}"
EndProject
Project("{9A19103F-16F7-4668-BE54-9A1E7A4F7556}") = "ClientModule2", "..\ClientModule2\ClientModule2.csproj", "{D6088B9B-FB62-4A6E-8CDA-79AE30BFA76C}"
EndProject
Project("{9A19103F-16F7-4668-BE54-9A1E7A4F7556}") = "TestEngine", "..\TestEngine\TestEngine.csproj", "{55748641-8BDD-413E-AF76-B986E2DA9784}"
EndProject
Project("{FAE04EC0-301F-11D3-BF4B-00C04F79EFBC}") = "HLCS01.HMi", "HLCS01.HMi\HLCS01.HMi.csproj", "{A9B8CBAB-0DFB-4ACB-B81D-7CEBFBC46217}"
EndProject
Project("{2150E333-8FDC-42A3-9474-1A3956D46DE8}") = "WpfTest", "WpfTest", "{D9DFEA70-E1B6-4139-87BC-EE752500549F}"
EndProject
Project("{2150E333-8FDC-42A3-9474-1A3956D46DE8}") = "Core", "Core", "{78EE82B2-BB33-4580-A7ED-B99A31693979}"
EndProject
Project("{FAE04EC0-301F-11D3-BF4B-00C04F79EFBC}") = "HLCS01.SDK", "HLCS01.SDK\HLCS01.SDK.csproj", "{58EFEC77-E423-4149-B122-6DE092C1EB67}"
EndProject
Project("{2150E333-8FDC-42A3-9474-1A3956D46DE8}") = "Modules", "Modules", "{919A7AC4-078E-4431-975D-BF14CE8B93C1}"
EndProject
Project("{FAE04EC0-301F-11D3-BF4B-00C04F79EFBC}") = "HLCS01.Controller1", "HLCS01.Controller1\HLCS01.Controller1.csproj", "{6D46C0D1-50C1-4170-8754-BBF37F2E5A4F}"
EndProject
Project("{FAE04EC0-301F-11D3-BF4B-00C04F79EFBC}") = "HLCS01.Controller2", "HLCS01.Controller2\HLCS01.Controller2.csproj", "{A30C1943-068F-4965-9503-F329D4C333D8}"
EndProject
Project("{FAE04EC0-301F-11D3-BF4B-00C04F79EFBC}") = "HLCS01.Controller3", "HLCS01.Controller3\HLCS01.Controller3.csproj", "{18C95DAD-107B-42BE-B966-4054BE203438}"
EndProject
Project("{FAE04EC0-301F-11D3-BF4B-00C04F79EFBC}") = "HLCS01.Controller4", "HLCS01.Controller4\HLCS01.Controller4.csproj", "{CE6BEDBE-8880-4718-8904-7F60A67C2A20}"
EndProject
Global
	GlobalSection(SolutionConfigurationPlatforms) = preSolution
		Debug|Any CPU = Debug|Any CPU
		Release|Any CPU = Release|Any CPU
	EndGlobalSection
	GlobalSection(ProjectConfigurationPlatforms) = postSolution
		{8863A0D6-8848-4739-8E71-4E33ACFD865C}.Debug|Any CPU.ActiveCfg = Debug|Any CPU
		{8863A0D6-8848-4739-8E71-4E33ACFD865C}.Debug|Any CPU.Build.0 = Debug|Any CPU
		{8863A0D6-8848-4739-8E71-4E33ACFD865C}.Release|Any CPU.ActiveCfg = Release|Any CPU
		{8863A0D6-8848-4739-8E71-4E33ACFD865C}.Release|Any CPU.Build.0 = Release|Any CPU
		{497296AF-78AC-409C-9A6A-A87DB9CF4D58}.Debug|Any CPU.ActiveCfg = Debug|Any CPU
		{497296AF-78AC-409C-9A6A-A87DB9CF4D58}.Debug|Any CPU.Build.0 = Debug|Any CPU
		{497296AF-78AC-409C-9A6A-A87DB9CF4D58}.Release|Any CPU.ActiveCfg = Release|Any CPU
		{497296AF-78AC-409C-9A6A-A87DB9CF4D58}.Release|Any CPU.Build.0 = Release|Any CPU
		{72AAF345-CFA8-42EB-94C6-0B28EE0314D8}.Debug|Any CPU.ActiveCfg = Debug|Any CPU
		{72AAF345-CFA8-42EB-94C6-0B28EE0314D8}.Debug|Any CPU.Build.0 = Debug|Any CPU
		{72AAF345-CFA8-42EB-94C6-0B28EE0314D8}.Release|Any CPU.ActiveCfg = Release|Any CPU
		{72AAF345-CFA8-42EB-94C6-0B28EE0314D8}.Release|Any CPU.Build.0 = Release|Any CPU
		{164CB523-870A-4C04-AF61-317B7AD36EA0}.Debug|Any CPU.ActiveCfg = Debug|Any CPU
		{164CB523-870A-4C04-AF61-317B7AD36EA0}.Debug|Any CPU.Build.0 = Debug|Any CPU
		{164CB523-870A-4C04-AF61-317B7AD36EA0}.Release|Any CPU.ActiveCfg = Release|Any CPU
		{164CB523-870A-4C04-AF61-317B7AD36EA0}.Release|Any CPU.Build.0 = Release|Any CPU
		{C36DE5C5-F331-4FB5-A57A-AB9D27F41969}.Debug|Any CPU.ActiveCfg = Debug|Any CPU
		{C36DE5C5-F331-4FB5-A57A-AB9D27F41969}.Debug|Any CPU.Build.0 = Debug|Any CPU
		{C36DE5C5-F331-4FB5-A57A-AB9D27F41969}.Release|Any CPU.ActiveCfg = Release|Any CPU
		{C36DE5C5-F331-4FB5-A57A-AB9D27F41969}.Release|Any CPU.Build.0 = Release|Any CPU
		{666B229E-1A6F-4FBE-A97C-A1D880074F34}.Debug|Any CPU.ActiveCfg = Debug|Any CPU
		{666B229E-1A6F-4FBE-A97C-A1D880074F34}.Debug|Any CPU.Build.0 = Debug|Any CPU
		{666B229E-1A6F-4FBE-A97C-A1D880074F34}.Release|Any CPU.ActiveCfg = Release|Any CPU
		{666B229E-1A6F-4FBE-A97C-A1D880074F34}.Release|Any CPU.Build.0 = Release|Any CPU
		{ADE43E1B-E148-4614-A776-8692CB1E3F9C}.Debug|Any CPU.ActiveCfg = Debug|Any CPU
		{ADE43E1B-E148-4614-A776-8692CB1E3F9C}.Debug|Any CPU.Build.0 = Debug|Any CPU
		{ADE43E1B-E148-4614-A776-8692CB1E3F9C}.Release|Any CPU.ActiveCfg = Release|Any CPU
		{ADE43E1B-E148-4614-A776-8692CB1E3F9C}.Release|Any CPU.Build.0 = Release|Any CPU
		{D6088B9B-FB62-4A6E-8CDA-79AE30BFA76C}.Debug|Any CPU.ActiveCfg = Debug|Any CPU
		{D6088B9B-FB62-4A6E-8CDA-79AE30BFA76C}.Debug|Any CPU.Build.0 = Debug|Any CPU
		{D6088B9B-FB62-4A6E-8CDA-79AE30BFA76C}.Release|Any CPU.ActiveCfg = Release|Any CPU
		{D6088B9B-FB62-4A6E-8CDA-79AE30BFA76C}.Release|Any CPU.Build.0 = Release|Any CPU
		{55748641-8BDD-413E-AF76-B986E2DA9784}.Debug|Any CPU.ActiveCfg = Debug|Any CPU
		{55748641-8BDD-413E-AF76-B986E2DA9784}.Debug|Any CPU.Build.0 = Debug|Any CPU
		{55748641-8BDD-413E-AF76-B986E2DA9784}.Release|Any CPU.ActiveCfg = Release|Any CPU
		{55748641-8BDD-413E-AF76-B986E2DA9784}.Release|Any CPU.Build.0 = Release|Any CPU
		{A9B8CBAB-0DFB-4ACB-B81D-7CEBFBC46217}.Debug|Any CPU.ActiveCfg = Debug|Any CPU
		{A9B8CBAB-0DFB-4ACB-B81D-7CEBFBC46217}.Debug|Any CPU.Build.0 = Debug|Any CPU
		{A9B8CBAB-0DFB-4ACB-B81D-7CEBFBC46217}.Release|Any CPU.ActiveCfg = Release|Any CPU
		{A9B8CBAB-0DFB-4ACB-B81D-7CEBFBC46217}.Release|Any CPU.Build.0 = Release|Any CPU
		{58EFEC77-E423-4149-B122-6DE092C1EB67}.Debug|Any CPU.ActiveCfg = Debug|Any CPU
		{58EFEC77-E423-4149-B122-6DE092C1EB67}.Debug|Any CPU.Build.0 = Debug|Any CPU
		{58EFEC77-E423-4149-B122-6DE092C1EB67}.Release|Any CPU.ActiveCfg = Release|Any CPU
		{58EFEC77-E423-4149-B122-6DE092C1EB67}.Release|Any CPU.Build.0 = Release|Any CPU
		{6D46C0D1-50C1-4170-8754-BBF37F2E5A4F}.Debug|Any CPU.ActiveCfg = Debug|Any CPU
		{6D46C0D1-50C1-4170-8754-BBF37F2E5A4F}.Debug|Any CPU.Build.0 = Debug|Any CPU
		{6D46C0D1-50C1-4170-8754-BBF37F2E5A4F}.Release|Any CPU.ActiveCfg = Release|Any CPU
		{6D46C0D1-50C1-4170-8754-BBF37F2E5A4F}.Release|Any CPU.Build.0 = Release|Any CPU
		{A30C1943-068F-4965-9503-F329D4C333D8}.Debug|Any CPU.ActiveCfg = Debug|Any CPU
		{A30C1943-068F-4965-9503-F329D4C333D8}.Debug|Any CPU.Build.0 = Debug|Any CPU
		{A30C1943-068F-4965-9503-F329D4C333D8}.Release|Any CPU.ActiveCfg = Release|Any CPU
		{A30C1943-068F-4965-9503-F329D4C333D8}.Release|Any CPU.Build.0 = Release|Any CPU
		{18C95DAD-107B-42BE-B966-4054BE203438}.Debug|Any CPU.ActiveCfg = Debug|Any CPU
		{18C95DAD-107B-42BE-B966-4054BE203438}.Debug|Any CPU.Build.0 = Debug|Any CPU
		{18C95DAD-107B-42BE-B966-4054BE203438}.Release|Any CPU.ActiveCfg = Release|Any CPU
		{18C95DAD-107B-42BE-B966-4054BE203438}.Release|Any CPU.Build.0 = Release|Any CPU
		{CE6BEDBE-8880-4718-8904-7F60A67C2A20}.Debug|Any CPU.ActiveCfg = Debug|Any CPU
		{CE6BEDBE-8880-4718-8904-7F60A67C2A20}.Debug|Any CPU.Build.0 = Debug|Any CPU
		{CE6BEDBE-8880-4718-8904-7F60A67C2A20}.Release|Any CPU.ActiveCfg = Release|Any CPU
		{CE6BEDBE-8880-4718-8904-7F60A67C2A20}.Release|Any CPU.Build.0 = Release|Any CPU
	EndGlobalSection
	GlobalSection(SolutionProperties) = preSolution
		HideSolutionNode = FALSE
	EndGlobalSection
	GlobalSection(NestedProjects) = preSolution
		{8863A0D6-8848-4739-8E71-4E33ACFD865C} = {1ECF5351-46CC-41CD-A1F1-F2292B43D217}
		{497296AF-78AC-409C-9A6A-A87DB9CF4D58} = {1ECF5351-46CC-41CD-A1F1-F2292B43D217}
		{72AAF345-CFA8-42EB-94C6-0B28EE0314D8} = {1ECF5351-46CC-41CD-A1F1-F2292B43D217}
		{2A1632C6-F390-4D23-B679-A8CBAE2264DF} = {E5A1C59C-EB74-48F5-AEF7-FC008D900E42}
		{164CB523-870A-4C04-AF61-317B7AD36EA0} = {2A1632C6-F390-4D23-B679-A8CBAE2264DF}
		{AEE3DD89-279C-4440-8E97-02DE7182B88C} = {E5A1C59C-EB74-48F5-AEF7-FC008D900E42}
		{C36DE5C5-F331-4FB5-A57A-AB9D27F41969} = {AEE3DD89-279C-4440-8E97-02DE7182B88C}
		{91FBFFFF-DEB5-449F-B5D9-9CE8A666DC4E} = {AEE3DD89-279C-4440-8E97-02DE7182B88C}
		{666B229E-1A6F-4FBE-A97C-A1D880074F34} = {91FBFFFF-DEB5-449F-B5D9-9CE8A666DC4E}
		{ADE43E1B-E148-4614-A776-8692CB1E3F9C} = {91FBFFFF-DEB5-449F-B5D9-9CE8A666DC4E}
		{D6088B9B-FB62-4A6E-8CDA-79AE30BFA76C} = {91FBFFFF-DEB5-449F-B5D9-9CE8A666DC4E}
		{55748641-8BDD-413E-AF76-B986E2DA9784} = {F6E7D5AC-25B5-4A60-9A2C-DB9EEBC0DA15}
		{A9B8CBAB-0DFB-4ACB-B81D-7CEBFBC46217} = {D9DFEA70-E1B6-4139-87BC-EE752500549F}
		{D9DFEA70-E1B6-4139-87BC-EE752500549F} = {AEE3DD89-279C-4440-8E97-02DE7182B88C}
		{78EE82B2-BB33-4580-A7ED-B99A31693979} = {D9DFEA70-E1B6-4139-87BC-EE752500549F}
		{58EFEC77-E423-4149-B122-6DE092C1EB67} = {78EE82B2-BB33-4580-A7ED-B99A31693979}
		{919A7AC4-078E-4431-975D-BF14CE8B93C1} = {D9DFEA70-E1B6-4139-87BC-EE752500549F}
		{6D46C0D1-50C1-4170-8754-BBF37F2E5A4F} = {919A7AC4-078E-4431-975D-BF14CE8B93C1}
		{A30C1943-068F-4965-9503-F329D4C333D8} = {919A7AC4-078E-4431-975D-BF14CE8B93C1}
		{18C95DAD-107B-42BE-B966-4054BE203438} = {919A7AC4-078E-4431-975D-BF14CE8B93C1}
		{CE6BEDBE-8880-4718-8904-7F60A67C2A20} = {919A7AC4-078E-4431-975D-BF14CE8B93C1}
	EndGlobalSection
	GlobalSection(ExtensibilityGlobals) = postSolution
		SolutionGuid = {3DA7DDCE-2606-43CB-B5B5-F8B912F14146}
	EndGlobalSection
EndGlobal
